
Microsoft Visual Studio Solution File, Format Version 12.00
# Visual Studio Version 17
VisualStudioVersion = 17.14.37012.4 d17.14
MinimumVisualStudioVersion = 10.0.40219.1
Project("{FAE04EC0-301F-11D3-BF4B-00C04F79EFBC}") = "AltanaListener", "AltanaListener\AltanaListener.csproj", "{D8FFE880-514B-43BD-85B3-511C0778E579}"
EndProject
Global
	GlobalSection(SolutionConfigurationPlatforms) = preSolution
		Debug|Any CPU = Debug|Any CPU
		Release|Any CPU = Release|Any CPU
	EndGlobalSection
	GlobalSection(ProjectConfigurationPlatforms) = postSolution
		{D8FFE880-514B-43BD-85B3-511C0778E579}.Debug|Any CPU.ActiveCfg = Debug|Any CPU
		{D8FFE880-514B-43BD-85B3-511C0778E579}.Debug|Any CPU.Build.0 = Debug|Any CPU
		{D8FFE880-514B-43BD-85B3-511C0778E579}.Release|Any CPU.ActiveCfg = Release|Any CPU
		{D8FFE880-514B-43BD-85B3-511C0778E579}.Release|Any CPU.Build.0 = Release|Any CPU
	EndGlobalSection
	GlobalSection(SolutionProperties) = preSolution
		HideSolutionNode = FALSE
	EndGlobalSection
	GlobalSection(ExtensibilityGlobals) = postSolution
		SolutionGuid = {A850F19C-E74D-4894-B3AD-8FEAA50A1C8F}
	EndGlobalSection
EndGlobal
